
Microsoft Visual Studio Solution File, Format Version 12.00
# Visual Studio Version 17
VisualStudioVersion = 17.0.31815.197
MinimumVisualStudioVersion = 10.0.40219.1
Project("{9A19103F-16F7-4668-BE54-9A1E7A4F7556}") = "avifencodergui.lib", "avifencodergui.lib\avifencodergui.lib.csproj", "{CE48C974-F400-43F9-A9EC-4ED520CD5FF2}"
EndProject
Project("{9A19103F-16F7-4668-BE54-9A1E7A4F7556}") = "avifencodergui.wpf", "avifencodergui.wpf\avifencodergui.wpf.csproj", "{58E8044D-CA54-4B9A-81A9-17EA546D3176}"
EndProject
Project("{9A19103F-16F7-4668-BE54-9A1E7A4F7556}") = "avifencodergui.lib.test", "avifencodergui.lib.test\avifencodergui.lib.test.csproj", "{E300EB95-7CC6-4698-8527-D562CDBB57FB}"
EndProject
Global
	GlobalSection(SolutionConfigurationPlatforms) = preSolution
		Debug|Any CPU = Debug|Any CPU
		Release|Any CPU = Release|Any CPU
	EndGlobalSection
	GlobalSection(ProjectConfigurationPlatforms) = postSolution
		{CE48C974-F400-43F9-A9EC-4ED520CD5FF2}.Debug|Any CPU.ActiveCfg = Debug|Any CPU
		{CE48C974-F400-43F9-A9EC-4ED520CD5FF2}.Debug|Any CPU.Build.0 = Debug|Any CPU
		{CE48C974-F400-43F9-A9EC-4ED520CD5FF2}.Release|Any CPU.ActiveCfg = Release|Any CPU
		{CE48C974-F400-43F9-A9EC-4ED520CD5FF2}.Release|Any CPU.Build.0 = Release|Any CPU
		{58E8044D-CA54-4B9A-81A9-17EA546D3176}.Debug|Any CPU.ActiveCfg = Debug|Any CPU
		{58E8044D-CA54-4B9A-81A9-17EA546D3176}.Debug|Any CPU.Build.0 = Debug|Any CPU
		{58E8044D-CA54-4B9A-81A9-17EA546D3176}.Release|Any CPU.ActiveCfg = Release|Any CPU
		{58E8044D-CA54-4B9A-81A9-17EA546D3176}.Release|Any CPU.Build.0 = Release|Any CPU
		{E300EB95-7CC6-4698-8527-D562CDBB57FB}.Debug|Any CPU.ActiveCfg = Debug|Any CPU
		{E300EB95-7CC6-4698-8527-D562CDBB57FB}.Debug|Any CPU.Build.0 = Debug|Any CPU
		{E300EB95-7CC6-4698-8527-D562CDBB57FB}.Release|Any CPU.ActiveCfg = Release|Any CPU
		{E300EB95-7CC6-4698-8527-D562CDBB57FB}.Release|Any CPU.Build.0 = Release|Any CPU
	EndGlobalSection
	GlobalSection(SolutionProperties) = preSolution
		HideSolutionNode = FALSE
	EndGlobalSection
	GlobalSection(ExtensibilityGlobals) = postSolution
		SolutionGuid = {DEB3D67E-D627-434A-B0C5-0D5D990C3CD4}
	EndGlobalSection
EndGlobal
